
Microsoft Visual Studio Solution File, Format Version 12.00
# Visual Studio Version 16
VisualStudioVersion = 16.0.31321.278
MinimumVisualStudioVersion = 10.0.40219.1
Project("{FAE04EC0-301F-11D3-BF4B-00C04F79EFBC}") = "Studentmana", "Studentmana\Studentmana.csproj", "{76A99D69-6801-47E7-96B5-3DB3AD5DBB10}"
EndProject
Global
	GlobalSection(SolutionConfigurationPlatforms) = preSolution
		Debug|Any CPU = Debug|Any CPU
		Release|Any CPU = Release|Any CPU
	EndGlobalSection
	GlobalSection(ProjectConfigurationPlatforms) = postSolution
		{76A99D69-6801-47E7-96B5-3DB3AD5DBB10}.Debug|Any CPU.ActiveCfg = Debug|Any CPU
		{76A99D69-6801-47E7-96B5-3DB3AD5DBB10}.Debug|Any CPU.Build.0 = Debug|Any CPU
		{76A99D69-6801-47E7-96B5-3DB3AD5DBB10}.Release|Any CPU.ActiveCfg = Release|Any CPU
		{76A99D69-6801-47E7-96B5-3DB3AD5DBB10}.Release|Any CPU.Build.0 = Release|Any CPU
	EndGlobalSection
	GlobalSection(SolutionProperties) = preSolution
		HideSolutionNode = FALSE
	EndGlobalSection
	GlobalSection(ExtensibilityGlobals) = postSolution
		SolutionGuid = {62B029D5-045E-4DA5-8FB4-10C72EDE2275}
	EndGlobalSection
EndGlobal
