
Microsoft Visual Studio Solution File, Format Version 12.00
# Visual Studio Version 16
VisualStudioVersion = 16.0.31321.278
MinimumVisualStudioVersion = 10.0.40219.1
Project("{FAE04EC0-301F-11D3-BF4B-00C04F79EFBC}") = "School", "School\School.csproj", "{B064A5C7-0F5D-492D-AC01-539B702E79FF}"
EndProject
Global
	GlobalSection(SolutionConfigurationPlatforms) = preSolution
		Debug|Any CPU = Debug|Any CPU
		Release|Any CPU = Release|Any CPU
	EndGlobalSection
	GlobalSection(ProjectConfigurationPlatforms) = postSolution
		{B064A5C7-0F5D-492D-AC01-539B702E79FF}.Debug|Any CPU.ActiveCfg = Debug|Any CPU
		{B064A5C7-0F5D-492D-AC01-539B702E79FF}.Debug|Any CPU.Build.0 = Debug|Any CPU
		{B064A5C7-0F5D-492D-AC01-539B702E79FF}.Release|Any CPU.ActiveCfg = Release|Any CPU
		{B064A5C7-0F5D-492D-AC01-539B702E79FF}.Release|Any CPU.Build.0 = Release|Any CPU
	EndGlobalSection
	GlobalSection(SolutionProperties) = preSolution
		HideSolutionNode = FALSE
	EndGlobalSection
	GlobalSection(ExtensibilityGlobals) = postSolution
		SolutionGuid = {4D15100B-C1FA-4915-8497-CBF0AC19D557}
	EndGlobalSection
EndGlobal
